<?xml version="1.0" encoding="utf-8"?>
<Project ToolsVersion="4.0" xmlns="http://schemas.microsoft.com/developer/msbuild/2003">
  <ItemGroup>
    <Filter Include="src">
      <UniqueIdentifier>{4FC737F1-C7A5-4376-A066-2A32D752A2FF}</UniqueIdentifier>
      <Extensions>cpp;c;cc;cxx;def;odl;idl;hpj;bat;asm;asmx</Extensions>
    </Filter>
    <Filter Include="src\include">
      <UniqueIdentifier>{24dd2351-e54c-46c8-9d7f-6b7d4e03a8ff}</UniqueIdentifier>
    </Filter>
    <Filter Include="src\include\libevent">
      <UniqueIdentifier>{dbc493bc-cfd5-45f8-9597-91aed5014ef2}</UniqueIdentifier>
    </Filter>
    <Filter Include="src\include\libevent\event2">
      <UniqueIdentifier>{92756418-43e7-451b-b1bc-9f30ae54de31}</UniqueIdentifier>
    </Filter>
    <Filter Include="src\include\libevent\openssl">
      <UniqueIdentifier>{323a4821-e94e-4a1e-b475-fb1a9373d0a3}</UniqueIdentifier>
    </Filter>
    <Filter Include="src\network">
      <UniqueIdentifier>{30d2551e-3c1d-4abd-83a5-5bf95d22bfc5}</UniqueIdentifier>
    </Filter>
  </ItemGroup>
  <ItemGroup>
    <ClInclude Include="..\libevent\src\include\event2\buffer.h">
      <Filter>src\include\libevent\event2</Filter>
    </ClInclude>
    <ClInclude Include="..\libevent\src\include\event2\bufferevent.h">
      <Filter>src\include\libevent\event2</Filter>
    </ClInclude>
    <ClInclude Include="..\libevent\src\include\event2\bufferevent_compat.h">
      <Filter>src\include\libevent\event2</Filter>
    </ClInclude>
    <ClInclude Include="..\libevent\src\include\event2\bufferevent_ssl.h">
      <Filter>src\include\libevent\event2</Filter>
    </ClInclude>
    <ClInclude Include="..\libevent\src\include\event2\bufferevent_struct.h">
      <Filter>src\include\libevent\event2</Filter>
    </ClInclude>
    <ClInclude Include="..\libevent\src\include\event2\buffer_compat.h">
      <Filter>src\include\libevent\event2</Filter>
    </ClInclude>
    <ClInclude Include="..\libevent\src\include\event2\dns.h">
      <Filter>src\include\libevent\event2</Filter>
    </ClInclude>
    <ClInclude Include="..\libevent\src\include\event2\dns_compat.h">
      <Filter>src\include\libevent\event2</Filter>
    </ClInclude>
    <ClInclude Include="..\libevent\src\include\event2\dns_struct.h">
      <Filter>src\include\libevent\event2</Filter>
    </ClInclude>
    <ClInclude Include="..\libevent\src\include\event2\event.h">
      <Filter>src\include\libevent\event2</Filter>
    </ClInclude>
    <ClInclude Include="..\libevent\src\include\event2\event_compat.h">
      <Filter>src\include\libevent\event2</Filter>
    </ClInclude>
    <ClInclude Include="..\libevent\src\include\event2\event_struct.h">
      <Filter>src\include\libevent\event2</Filter>
    </ClInclude>
    <ClInclude Include="..\libevent\src\include\event2\http.h">
      <Filter>src\include\libevent\event2</Filter>
    </ClInclude>
    <ClInclude Include="..\libevent\src\include\event2\http_compat.h">
      <Filter>src\include\libevent\event2</Filter>
    </ClInclude>
    <ClInclude Include="..\libevent\src\include\event2\http_struct.h">
      <Filter>src\include\libevent\event2</Filter>
    </ClInclude>
    <ClInclude Include="..\libevent\src\include\event2\keyvalq_struct.h">
      <Filter>src\include\libevent\event2</Filter>
    </ClInclude>
    <ClInclude Include="..\libevent\src\include\event2\listener.h">
      <Filter>src\include\libevent\event2</Filter>
    </ClInclude>
    <ClInclude Include="..\libevent\src\include\event2\rpc.h">
      <Filter>src\include\libevent\event2</Filter>
    </ClInclude>
    <ClInclude Include="..\libevent\src\include\event2\rpc_compat.h">
      <Filter>src\include\libevent\event2</Filter>
    </ClInclude>
    <ClInclude Include="..\libevent\src\include\event2\rpc_struct.h">
      <Filter>src\include\libevent\event2</Filter>
    </ClInclude>
    <ClInclude Include="..\libevent\src\include\event2\tag.h">
      <Filter>src\include\libevent\event2</Filter>
    </ClInclude>
    <ClInclude Include="..\libevent\src\include\event2\tag_compat.h">
      <Filter>src\include\libevent\event2</Filter>
    </ClInclude>
    <ClInclude Include="..\libevent\src\include\event2\thread.h">
      <Filter>src\include\libevent\event2</Filter>
    </ClInclude>
    <ClInclude Include="..\libevent\src\include\event2\util.h">
      <Filter>src\include\libevent\event2</Filter>
    </ClInclude>
    <ClInclude Include="..\libevent\src\include\event2\visibility.h">
      <Filter>src\include\libevent\event2</Filter>
    </ClInclude>
    <ClInclude Include="..\libevent\src\include\openssl\aes.h">
      <Filter>src\include\libevent\openssl</Filter>
    </ClInclude>
    <ClInclude Include="..\libevent\src\include\openssl\asn1.h">
      <Filter>src\include\libevent\openssl</Filter>
    </ClInclude>
    <ClInclude Include="..\libevent\src\include\openssl\asn1t.h">
      <Filter>src\include\libevent\openssl</Filter>
    </ClInclude>
    <ClInclude Include="..\libevent\src\include\openssl\asn1_mac.h">
      <Filter>src\include\libevent\openssl</Filter>
    </ClInclude>
    <ClInclude Include="..\libevent\src\include\openssl\async.h">
      <Filter>src\include\libevent\openssl</Filter>
    </ClInclude>
    <ClInclude Include="..\libevent\src\include\openssl\bio.h">
      <Filter>src\include\libevent\openssl</Filter>
    </ClInclude>
    <ClInclude Include="..\libevent\src\include\openssl\blowfish.h">
      <Filter>src\include\libevent\openssl</Filter>
    </ClInclude>
    <ClInclude Include="..\libevent\src\include\openssl\bn.h">
      <Filter>src\include\libevent\openssl</Filter>
    </ClInclude>
    <ClInclude Include="..\libevent\src\include\openssl\buffer.h">
      <Filter>src\include\libevent\openssl</Filter>
    </ClInclude>
    <ClInclude Include="..\libevent\src\include\openssl\camellia.h">
      <Filter>src\include\libevent\openssl</Filter>
    </ClInclude>
    <ClInclude Include="..\libevent\src\include\openssl\cast.h">
      <Filter>src\include\libevent\openssl</Filter>
    </ClInclude>
    <ClInclude Include="..\libevent\src\include\openssl\cmac.h">
      <Filter>src\include\libevent\openssl</Filter>
    </ClInclude>
    <ClInclude Include="..\libevent\src\include\openssl\cms.h">
      <Filter>src\include\libevent\openssl</Filter>
    </ClInclude>
    <ClInclude Include="..\libevent\src\include\openssl\comp.h">
      <Filter>src\include\libevent\openssl</Filter>
    </ClInclude>
    <ClInclude Include="..\libevent\src\include\openssl\conf.h">
      <Filter>src\include\libevent\openssl</Filter>
    </ClInclude>
    <ClInclude Include="..\libevent\src\include\openssl\conf_api.h">
      <Filter>src\include\libevent\openssl</Filter>
    </ClInclude>
    <ClInclude Include="..\libevent\src\include\openssl\crypto.h">
      <Filter>src\include\libevent\openssl</Filter>
    </ClInclude>
    <ClInclude Include="..\libevent\src\include\openssl\ct.h">
      <Filter>src\include\libevent\openssl</Filter>
    </ClInclude>
    <ClInclude Include="..\libevent\src\include\openssl\des.h">
      <Filter>src\include\libevent\openssl</Filter>
    </ClInclude>
    <ClInclude Include="..\libevent\src\include\openssl\dh.h">
      <Filter>src\include\libevent\openssl</Filter>
    </ClInclude>
    <ClInclude Include="..\libevent\src\include\openssl\dsa.h">
      <Filter>src\include\libevent\openssl</Filter>
    </ClInclude>
    <ClInclude Include="..\libevent\src\include\openssl\dtls1.h">
      <Filter>src\include\libevent\openssl</Filter>
    </ClInclude>
    <ClInclude Include="..\libevent\src\include\openssl\ebcdic.h">
      <Filter>src\include\libevent\openssl</Filter>
    </ClInclude>
    <ClInclude Include="..\libevent\src\include\openssl\ec.h">
      <Filter>src\include\libevent\openssl</Filter>
    </ClInclude>
    <ClInclude Include="..\libevent\src\include\openssl\ecdh.h">
      <Filter>src\include\libevent\openssl</Filter>
    </ClInclude>
    <ClInclude Include="..\libevent\src\include\openssl\ecdsa.h">
      <Filter>src\include\libevent\openssl</Filter>
    </ClInclude>
    <ClInclude Include="..\libevent\src\include\openssl\engine.h">
      <Filter>src\include\libevent\openssl</Filter>
    </ClInclude>
    <ClInclude Include="..\libevent\src\include\openssl\err.h">
      <Filter>src\include\libevent\openssl</Filter>
    </ClInclude>
    <ClInclude Include="..\libevent\src\include\openssl\evp.h">
      <Filter>src\include\libevent\openssl</Filter>
    </ClInclude>
    <ClInclude Include="..\libevent\src\include\openssl\e_os2.h">
      <Filter>src\include\libevent\openssl</Filter>
    </ClInclude>
    <ClInclude Include="..\libevent\src\include\openssl\hmac.h">
      <Filter>src\include\libevent\openssl</Filter>
    </ClInclude>
    <ClInclude Include="..\libevent\src\include\openssl\idea.h">
      <Filter>src\include\libevent\openssl</Filter>
    </ClInclude>
    <ClInclude Include="..\libevent\src\include\openssl\kdf.h">
      <Filter>src\include\libevent\openssl</Filter>
    </ClInclude>
    <ClInclude Include="..\libevent\src\include\openssl\lhash.h">
      <Filter>src\include\libevent\openssl</Filter>
    </ClInclude>
    <ClInclude Include="..\libevent\src\include\openssl\md2.h">
      <Filter>src\include\libevent\openssl</Filter>
    </ClInclude>
    <ClInclude Include="..\libevent\src\include\openssl\md4.h">
      <Filter>src\include\libevent\openssl</Filter>
    </ClInclude>
    <ClInclude Include="..\libevent\src\include\openssl\md5.h">
      <Filter>src\include\libevent\openssl</Filter>
    </ClInclude>
    <ClInclude Include="..\libevent\src\include\openssl\mdc2.h">
      <Filter>src\include\libevent\openssl</Filter>
    </ClInclude>
    <ClInclude Include="..\libevent\src\include\openssl\modes.h">
      <Filter>src\include\libevent\openssl</Filter>
    </ClInclude>
    <ClInclude Include="..\libevent\src\include\openssl\objects.h">
      <Filter>src\include\libevent\openssl</Filter>
    </ClInclude>
    <ClInclude Include="..\libevent\src\include\openssl\obj_mac.h">
      <Filter>src\include\libevent\openssl</Filter>
    </ClInclude>
    <ClInclude Include="..\libevent\src\include\openssl\ocsp.h">
      <Filter>src\include\libevent\openssl</Filter>
    </ClInclude>
    <ClInclude Include="..\libevent\src\include\openssl\opensslconf.h">
      <Filter>src\include\libevent\openssl</Filter>
    </ClInclude>
    <ClInclude Include="..\libevent\src\include\openssl\opensslv.h">
      <Filter>src\include\libevent\openssl</Filter>
    </ClInclude>
    <ClInclude Include="..\libevent\src\include\openssl\ossl_typ.h">
      <Filter>src\include\libevent\openssl</Filter>
    </ClInclude>
    <ClInclude Include="..\libevent\src\include\openssl\pem.h">
      <Filter>src\include\libevent\openssl</Filter>
    </ClInclude>
    <ClInclude Include="..\libevent\src\include\openssl\pem2.h">
      <Filter>src\include\libevent\openssl</Filter>
    </ClInclude>
    <ClInclude Include="..\libevent\src\include\openssl\pkcs12.h">
      <Filter>src\include\libevent\openssl</Filter>
    </ClInclude>
    <ClInclude Include="..\libevent\src\include\openssl\pkcs7.h">
      <Filter>src\include\libevent\openssl</Filter>
    </ClInclude>
    <ClInclude Include="..\libevent\src\include\openssl\rand.h">
      <Filter>src\include\libevent\openssl</Filter>
    </ClInclude>
    <ClInclude Include="..\libevent\src\include\openssl\rc2.h">
      <Filter>src\include\libevent\openssl</Filter>
    </ClInclude>
    <ClInclude Include="..\libevent\src\include\openssl\rc4.h">
      <Filter>src\include\libevent\openssl</Filter>
    </ClInclude>
    <ClInclude Include="..\libevent\src\include\openssl\rc5.h">
      <Filter>src\include\libevent\openssl</Filter>
    </ClInclude>
    <ClInclude Include="..\libevent\src\include\openssl\ripemd.h">
      <Filter>src\include\libevent\openssl</Filter>
    </ClInclude>
    <ClInclude Include="..\libevent\src\include\openssl\rsa.h">
      <Filter>src\include\libevent\openssl</Filter>
    </ClInclude>
    <ClInclude Include="..\libevent\src\include\openssl\safestack.h">
      <Filter>src\include\libevent\openssl</Filter>
    </ClInclude>
    <ClInclude Include="..\libevent\src\include\openssl\seed.h">
      <Filter>src\include\libevent\openssl</Filter>
    </ClInclude>
    <ClInclude Include="..\libevent\src\include\openssl\sha.h">
      <Filter>src\include\libevent\openssl</Filter>
    </ClInclude>
    <ClInclude Include="..\libevent\src\include\openssl\srp.h">
      <Filter>src\include\libevent\openssl</Filter>
    </ClInclude>
    <ClInclude Include="..\libevent\src\include\openssl\srtp.h">
      <Filter>src\include\libevent\openssl</Filter>
    </ClInclude>
    <ClInclude Include="..\libevent\src\include\openssl\ssl.h">
      <Filter>src\include\libevent\openssl</Filter>
    </ClInclude>
    <ClInclude Include="..\libevent\src\include\openssl\ssl2.h">
      <Filter>src\include\libevent\openssl</Filter>
    </ClInclude>
    <ClInclude Include="..\libevent\src\include\openssl\ssl3.h">
      <Filter>src\include\libevent\openssl</Filter>
    </ClInclude>
    <ClInclude Include="..\libevent\src\include\openssl\stack.h">
      <Filter>src\include\libevent\openssl</Filter>
    </ClInclude>
    <ClInclude Include="..\libevent\src\include\openssl\symhacks.h">
      <Filter>src\include\libevent\openssl</Filter>
    </ClInclude>
    <ClInclude Include="..\libevent\src\include\openssl\tls1.h">
      <Filter>src\include\libevent\openssl</Filter>
    </ClInclude>
    <ClInclude Include="..\libevent\src\include\openssl\ts.h">
      <Filter>src\include\libevent\openssl</Filter>
    </ClInclude>
    <ClInclude Include="..\libevent\src\include\openssl\txt_db.h">
      <Filter>src\include\libevent\openssl</Filter>
    </ClInclude>
    <ClInclude Include="..\libevent\src\include\openssl\ui.h">
      <Filter>src\include\libevent\openssl</Filter>
    </ClInclude>
    <ClInclude Include="..\libevent\src\include\openssl\whrlpool.h">
      <Filter>src\include\libevent\openssl</Filter>
    </ClInclude>
    <ClInclude Include="..\libevent\src\include\openssl\x509.h">
      <Filter>src\include\libevent\openssl</Filter>
    </ClInclude>
    <ClInclude Include="..\libevent\src\include\openssl\x509v3.h">
      <Filter>src\include\libevent\openssl</Filter>
    </ClInclude>
    <ClInclude Include="..\libevent\src\include\openssl\x509_vfy.h">
      <Filter>src\include\libevent\openssl</Filter>
    </ClInclude>
    <ClInclude Include="..\libevent\src\include\openssl\__DECC_INCLUDE_EPILOGUE.H">
      <Filter>src\include\libevent\openssl</Filter>
    </ClInclude>
    <ClInclude Include="..\libevent\src\include\openssl\__DECC_INCLUDE_PROLOGUE.H">
      <Filter>src\include\libevent\openssl</Filter>
    </ClInclude>
    <ClInclude Include="..\libevent\src\include\evdns.h">
      <Filter>src\include\libevent</Filter>
    </ClInclude>
    <ClInclude Include="..\libevent\src\include\event.h">
      <Filter>src\include\libevent</Filter>
    </ClInclude>
    <ClInclude Include="..\libevent\src\include\evhttp.h">
      <Filter>src\include\libevent</Filter>
    </ClInclude>
    <ClInclude Include="..\libevent\src\include\evrpc.h">
      <Filter>src\include\libevent</Filter>
    </ClInclude>
    <ClInclude Include="..\libevent\src\include\evutil.h">
      <Filter>src\include\libevent</Filter>
    </ClInclude>
    <ClInclude Include="src\network_manager.h">
      <Filter>src\network</Filter>
    </ClInclude>
  </ItemGroup>
  <ItemGroup>
    <ClCompile Include="stdafx.cpp">
      <Filter>src</Filter>
    </ClCompile>
    <ClCompile Include="main.cpp">
      <Filter>src</Filter>
    </ClCompile>
    <ClCompile Include="src\network_manager.cc">
      <Filter>src\network</Filter>
    </ClCompile>
  </ItemGroup>
</Project>